
Microsoft Visual Studio Solution File, Format Version 12.00
# Visual Studio 15
VisualStudioVersion = 15.0.28307.421
MinimumVisualStudioVersion = 10.0.40219.1
Project("{FAE04EC0-301F-11D3-BF4B-00C04F79EFBC}") = "DependencyInjection2", "DependencyInjection2\DependencyInjection2.csproj", "{C5179208-7F7A-441B-B9A5-26B546F00C82}"
EndProject
Global
	GlobalSection(SolutionConfigurationPlatforms) = preSolution
		Debug|Any CPU = Debug|Any CPU
		Release|Any CPU = Release|Any CPU
	EndGlobalSection
	GlobalSection(ProjectConfigurationPlatforms) = postSolution
		{C5179208-7F7A-441B-B9A5-26B546F00C82}.Debug|Any CPU.ActiveCfg = Debug|Any CPU
		{C5179208-7F7A-441B-B9A5-26B546F00C82}.Debug|Any CPU.Build.0 = Debug|Any CPU
		{C5179208-7F7A-441B-B9A5-26B546F00C82}.Release|Any CPU.ActiveCfg = Release|Any CPU
		{C5179208-7F7A-441B-B9A5-26B546F00C82}.Release|Any CPU.Build.0 = Release|Any CPU
	EndGlobalSection
	GlobalSection(SolutionProperties) = preSolution
		HideSolutionNode = FALSE
	EndGlobalSection
	GlobalSection(ExtensibilityGlobals) = postSolution
		SolutionGuid = {66917FFA-268D-4B44-9C20-B73719C11323}
	EndGlobalSection
EndGlobal
